// !$*UTF8*$!
{
	archiveVersion = 1;
	classes = {
	};
	objectVersion = 56;
	objects = {

/* Begin PBXBuildFile section */
		2C163682286A1D8100C1DA1B /* AppDelegate.swift in Sources */ = {isa = PBXBuildFile; fileRef = 2C163681286A1D8100C1DA1B /* AppDelegate.swift */; };
		2C163685286A1DC700C1DA1B /* Constants.swift in Sources */ = {isa = PBXBuildFile; fileRef = 2C163684286A1DC700C1DA1B /* Constants.swift */; };
		2C6A0866286A291800D7CFAB /* Theme.swift in Sources */ = {isa = PBXBuildFile; fileRef = 2C6A0865286A291800D7CFAB /* Theme.swift */; };
		2C6A086D286A2B6D00D7CFAB /* IconNames.swift in Sources */ = {isa = PBXBuildFile; fileRef = 2C6A086C286A2B6D00D7CFAB /* IconNames.swift */; };
		2C6A0871286A2F3B00D7CFAB /* UserDefaults+extensions.swift in Sources */ = {isa = PBXBuildFile; fileRef = 2C6A0870286A2F3B00D7CFAB /* UserDefaults+extensions.swift */; };
		2C6A0874286A3DE900D7CFAB /* SalmonUI in Frameworks */ = {isa = PBXBuildFile; productRef = 2C6A0873286A3DE900D7CFAB /* SalmonUI */; };
		2C6A0877286A3E5C00D7CFAB /* ToDoExperience.swift in Sources */ = {isa = PBXBuildFile; fileRef = 2C6A0876286A3E5C00D7CFAB /* ToDoExperience.swift */; };
		2C6A0879286A3F5C00D7CFAB /* View+Extensions.swift in Sources */ = {isa = PBXBuildFile; fileRef = 2C6A0878286A3F5C00D7CFAB /* View+Extensions.swift */; };
		2C6A087B286A3F8500D7CFAB /* AppSizes.swift in Sources */ = {isa = PBXBuildFile; fileRef = 2C6A087A286A3F8500D7CFAB /* AppSizes.swift */; };
		2CCC7DC6286A1A88006E777D /* MenuToDoApp.swift in Sources */ = {isa = PBXBuildFile; fileRef = 2CCC7DC5286A1A88006E777D /* MenuToDoApp.swift */; };
		2CCC7DCA286A1A8B006E777D /* Assets.xcassets in Resources */ = {isa = PBXBuildFile; fileRef = 2CCC7DC9286A1A8B006E777D /* Assets.xcassets */; };
		2CCC7DCD286A1A8B006E777D /* Preview Assets.xcassets in Resources */ = {isa = PBXBuildFile; fileRef = 2CCC7DCC286A1A8B006E777D /* Preview Assets.xcassets */; };
		2CCC7DCF286A1A8B006E777D /* Persistence.swift in Sources */ = {isa = PBXBuildFile; fileRef = 2CCC7DCE286A1A8B006E777D /* Persistence.swift */; };
		2CCC7DD2286A1A8B006E777D /* MenuToDo.xcdatamodeld in Sources */ = {isa = PBXBuildFile; fileRef = 2CCC7DD0286A1A8B006E777D /* MenuToDo.xcdatamodeld */; };
/* End PBXBuildFile section */

/* Begin PBXFileReference section */
		2C163680286A1D4A00C1DA1B /* Info.plist */ = {isa = PBXFileReference; lastKnownFileType = text.plist; path = Info.plist; sourceTree = "<group>"; };
		2C163681286A1D8100C1DA1B /* AppDelegate.swift */ = {isa = PBXFileReference; lastKnownFileType = sourcecode.swift; path = AppDelegate.swift; sourceTree = "<group>"; };
		2C163684286A1DC700C1DA1B /* Constants.swift */ = {isa = PBXFileReference; lastKnownFileType = sourcecode.swift; path = Constants.swift; sourceTree = "<group>"; };
		2C6A0865286A291800D7CFAB /* Theme.swift */ = {isa = PBXFileReference; lastKnownFileType = sourcecode.swift; path = Theme.swift; sourceTree = "<group>"; };
		2C6A086C286A2B6D00D7CFAB /* IconNames.swift */ = {isa = PBXFileReference; lastKnownFileType = sourcecode.swift; path = IconNames.swift; sourceTree = "<group>"; };
		2C6A0870286A2F3B00D7CFAB /* UserDefaults+extensions.swift */ = {isa = PBXFileReference; lastKnownFileType = sourcecode.swift; path = "UserDefaults+extensions.swift"; sourceTree = "<group>"; };
		2C6A0876286A3E5C00D7CFAB /* ToDoExperience.swift */ = {isa = PBXFileReference; lastKnownFileType = sourcecode.swift; path = ToDoExperience.swift; sourceTree = "<group>"; };
		2C6A0878286A3F5C00D7CFAB /* View+Extensions.swift */ = {isa = PBXFileReference; lastKnownFileType = sourcecode.swift; path = "View+Extensions.swift"; sourceTree = "<group>"; };
		2C6A087A286A3F8500D7CFAB /* AppSizes.swift */ = {isa = PBXFileReference; lastKnownFileType = sourcecode.swift; path = AppSizes.swift; sourceTree = "<group>"; };
		2CCC7DC2286A1A88006E777D /* MenuToDo.app */ = {isa = PBXFileReference; explicitFileType = wrapper.application; includeInIndex = 0; path = MenuToDo.app; sourceTree = BUILT_PRODUCTS_DIR; };
		2CCC7DC5286A1A88006E777D /* MenuToDoApp.swift */ = {isa = PBXFileReference; lastKnownFileType = sourcecode.swift; path = MenuToDoApp.swift; sourceTree = "<group>"; };
		2CCC7DC9286A1A8B006E777D /* Assets.xcassets */ = {isa = PBXFileReference; lastKnownFileType = folder.assetcatalog; path = Assets.xcassets; sourceTree = "<group>"; };
		2CCC7DCC286A1A8B006E777D /* Preview Assets.xcassets */ = {isa = PBXFileReference; lastKnownFileType = folder.assetcatalog; path = "Preview Assets.xcassets"; sourceTree = "<group>"; };
		2CCC7DCE286A1A8B006E777D /* Persistence.swift */ = {isa = PBXFileReference; lastKnownFileType = sourcecode.swift; path = Persistence.swift; sourceTree = "<group>"; };
		2CCC7DD1286A1A8B006E777D /* MenuToDo.xcdatamodel */ = {isa = PBXFileReference; lastKnownFileType = wrapper.xcdatamodel; path = MenuToDo.xcdatamodel; sourceTree = "<group>"; };
		2CCC7DD3286A1A8B006E777D /* MenuToDo.entitlements */ = {isa = PBXFileReference; lastKnownFileType = text.plist.entitlements; path = MenuToDo.entitlements; sourceTree = "<group>"; };
/* End PBXFileReference section */

/* Begin PBXFrameworksBuildPhase section */
		2CCC7DBF286A1A88006E777D /* Frameworks */ = {
			isa = PBXFrameworksBuildPhase;
			buildActionMask = 2147483647;
			files = (
				2C6A0874286A3DE900D7CFAB /* SalmonUI in Frameworks */,
			);
			runOnlyForDeploymentPostprocessing = 0;
		};
/* End PBXFrameworksBuildPhase section */

/* Begin PBXGroup section */
		2C00F0E6286A44E3000E7BC8 /* Experiences */ = {
			isa = PBXGroup;
			children = (
				2C6A0876286A3E5C00D7CFAB /* ToDoExperience.swift */,
			);
			path = Experiences;
			sourceTree = "<group>";
		};
		2C163683286A1D9000C1DA1B /* Utilities */ = {
			isa = PBXGroup;
			children = (
				2CCC7DCE286A1A8B006E777D /* Persistence.swift */,
			);
			path = Utilities;
			sourceTree = "<group>";
		};
		2C6A0863286A28F500D7CFAB /* Models */ = {
			isa = PBXGroup;
			children = (
				2C6A0864286A28FF00D7CFAB /* ViewModels */,
			);
			path = Models;
			sourceTree = "<group>";
		};
		2C6A0864286A28FF00D7CFAB /* ViewModels */ = {
			isa = PBXGroup;
			children = (
				2C6A0865286A291800D7CFAB /* Theme.swift */,
			);
			path = ViewModels;
			sourceTree = "<group>";
		};
		2C6A086B286A2B5700D7CFAB /* Enumerations */ = {
			isa = PBXGroup;
			children = (
				2C6A087A286A3F8500D7CFAB /* AppSizes.swift */,
				2C6A086C286A2B6D00D7CFAB /* IconNames.swift */,
			);
			path = Enumerations;
			sourceTree = "<group>";
		};
		2C6A086F286A2F2800D7CFAB /* Extensions */ = {
			isa = PBXGroup;
			children = (
				2C6A0870286A2F3B00D7CFAB /* UserDefaults+extensions.swift */,
				2C6A0878286A3F5C00D7CFAB /* View+Extensions.swift */,
			);
			path = Extensions;
			sourceTree = "<group>";
		};
		2C6A0875286A3E4300D7CFAB /* Views */ = {
			isa = PBXGroup;
			children = (
				2C00F0E6286A44E3000E7BC8 /* Experiences */,
			);
			path = Views;
			sourceTree = "<group>";
		};
		2CCC7DB9286A1A88006E777D = {
			isa = PBXGroup;
			children = (
				2CCC7DC4286A1A88006E777D /* MenuToDo */,
				2CCC7DC3286A1A88006E777D /* Products */,
			);
			sourceTree = "<group>";
		};
		2CCC7DC3286A1A88006E777D /* Products */ = {
			isa = PBXGroup;
			children = (
				2CCC7DC2286A1A88006E777D /* MenuToDo.app */,
			);
			name = Products;
			sourceTree = "<group>";
		};
		2CCC7DC4286A1A88006E777D /* MenuToDo */ = {
			isa = PBXGroup;
			children = (
				2CCC7DD3286A1A8B006E777D /* MenuToDo.entitlements */,
				2C163680286A1D4A00C1DA1B /* Info.plist */,
				2C163681286A1D8100C1DA1B /* AppDelegate.swift */,
				2C163684286A1DC700C1DA1B /* Constants.swift */,
				2CCC7DC5286A1A88006E777D /* MenuToDoApp.swift */,
				2CCC7DC9286A1A8B006E777D /* Assets.xcassets */,
				2C6A086B286A2B5700D7CFAB /* Enumerations */,
				2C6A086F286A2F2800D7CFAB /* Extensions */,
				2CCC7DD0286A1A8B006E777D /* MenuToDo.xcdatamodeld */,
				2C6A0863286A28F500D7CFAB /* Models */,
				2CCC7DCB286A1A8B006E777D /* Preview Content */,
				2C163683286A1D9000C1DA1B /* Utilities */,
				2C6A0875286A3E4300D7CFAB /* Views */,
			);
			path = MenuToDo;
			sourceTree = "<group>";
		};
		2CCC7DCB286A1A8B006E777D /* Preview Content */ = {
			isa = PBXGroup;
			children = (
				2CCC7DCC286A1A8B006E777D /* Preview Assets.xcassets */,
			);
			path = "Preview Content";
			sourceTree = "<group>";
		};
/* End PBXGroup section */

/* Begin PBXNativeTarget section */
		2CCC7DC1286A1A88006E777D /* MenuToDo */ = {
			isa = PBXNativeTarget;
			buildConfigurationList = 2CCC7DD6286A1A8B006E777D /* Build configuration list for PBXNativeTarget "MenuToDo" */;
			buildPhases = (
				2CCC7DBE286A1A88006E777D /* Sources */,
				2CCC7DBF286A1A88006E777D /* Frameworks */,
				2CCC7DC0286A1A88006E777D /* Resources */,
			);
			buildRules = (
			);
			dependencies = (
			);
			name = MenuToDo;
			packageProductDependencies = (
				2C6A0873286A3DE900D7CFAB /* SalmonUI */,
			);
			productName = MenuToDo;
			productReference = 2CCC7DC2286A1A88006E777D /* MenuToDo.app */;
			productType = "com.apple.product-type.application";
		};
/* End PBXNativeTarget section */

/* Begin PBXProject section */
		2CCC7DBA286A1A88006E777D /* Project object */ = {
			isa = PBXProject;
			attributes = {
				BuildIndependentTargetsInParallel = 1;
				LastSwiftUpdateCheck = 1400;
				LastUpgradeCheck = 1400;
				TargetAttributes = {
					2CCC7DC1286A1A88006E777D = {
						CreatedOnToolsVersion = 14.0;
					};
				};
			};
			buildConfigurationList = 2CCC7DBD286A1A88006E777D /* Build configuration list for PBXProject "MenuToDo" */;
			compatibilityVersion = "Xcode 14.0";
			developmentRegion = en;
			hasScannedForEncodings = 0;
			knownRegions = (
				en,
				Base,
			);
			mainGroup = 2CCC7DB9286A1A88006E777D;
			packageReferences = (
				2C6A0872286A3DE900D7CFAB /* XCRemoteSwiftPackageReference "SalmonUI" */,
			);
			productRefGroup = 2CCC7DC3286A1A88006E777D /* Products */;
			projectDirPath = "";
			projectRoot = "";
			targets = (
				2CCC7DC1286A1A88006E777D /* MenuToDo */,
			);
		};
/* End PBXProject section */

/* Begin PBXResourcesBuildPhase section */
		2CCC7DC0286A1A88006E777D /* Resources */ = {
			isa = PBXResourcesBuildPhase;
			buildActionMask = 2147483647;
			files = (
				2CCC7DCD286A1A8B006E777D /* Preview Assets.xcassets in Resources */,
				2CCC7DCA286A1A8B006E777D /* Assets.xcassets in Resources */,
			);
			runOnlyForDeploymentPostprocessing = 0;
		};
/* End PBXResourcesBuildPhase section */

/* Begin PBXSourcesBuildPhase section */
		2CCC7DBE286A1A88006E777D /* Sources */ = {
			isa = PBXSourcesBuildPhase;
			buildActionMask = 2147483647;
			files = (
				2CCC7DD2286A1A8B006E777D /* MenuToDo.xcdatamodeld in Sources */,
				2C6A0877286A3E5C00D7CFAB /* ToDoExperience.swift in Sources */,
				2C6A0879286A3F5C00D7CFAB /* View+Extensions.swift in Sources */,
				2CCC7DCF286A1A8B006E777D /* Persistence.swift in Sources */,
				2C163682286A1D8100C1DA1B /* AppDelegate.swift in Sources */,
				2CCC7DC6286A1A88006E777D /* MenuToDoApp.swift in Sources */,
				2C163685286A1DC700C1DA1B /* Constants.swift in Sources */,
				2C6A087B286A3F8500D7CFAB /* AppSizes.swift in Sources */,
				2C6A0866286A291800D7CFAB /* Theme.swift in Sources */,
				2C6A0871286A2F3B00D7CFAB /* UserDefaults+extensions.swift in Sources */,
				2C6A086D286A2B6D00D7CFAB /* IconNames.swift in Sources */,
			);
			runOnlyForDeploymentPostprocessing = 0;
		};
/* End PBXSourcesBuildPhase section */

/* Begin XCBuildConfiguration section */
		2CCC7DD4286A1A8B006E777D /* Debug */ = {
			isa = XCBuildConfiguration;
			buildSettings = {
				ALWAYS_SEARCH_USER_PATHS = NO;
				CLANG_ANALYZER_NONNULL = YES;
				CLANG_ANALYZER_NUMBER_OBJECT_CONVERSION = YES_AGGRESSIVE;
				CLANG_CXX_LANGUAGE_STANDARD = "gnu++17";
				CLANG_ENABLE_MODULES = YES;
				CLANG_ENABLE_OBJC_ARC = YES;
				CLANG_ENABLE_OBJC_WEAK = YES;
				CLANG_WARN_BLOCK_CAPTURE_AUTORELEASING = YES;
				CLANG_WARN_BOOL_CONVERSION = YES;
				CLANG_WARN_COMMA = YES;
				CLANG_WARN_CONSTANT_CONVERSION = YES;
				CLANG_WARN_DEPRECATED_OBJC_IMPLEMENTATIONS = YES;
				CLANG_WARN_DIRECT_OBJC_ISA_USAGE = YES_ERROR;
				CLANG_WARN_DOCUMENTATION_COMMENTS = YES;
				CLANG_WARN_EMPTY_BODY = YES;
				CLANG_WARN_ENUM_CONVERSION = YES;
				CLANG_WARN_INFINITE_RECURSION = YES;
				CLANG_WARN_INT_CONVERSION = YES;
				CLANG_WARN_NON_LITERAL_NULL_CONVERSION = YES;
				CLANG_WARN_OBJC_IMPLICIT_RETAIN_SELF = YES;
				CLANG_WARN_OBJC_LITERAL_CONVERSION = YES;
				CLANG_WARN_OBJC_ROOT_CLASS = YES_ERROR;
				CLANG_WARN_QUOTED_INCLUDE_IN_FRAMEWORK_HEADER = YES;
				CLANG_WARN_RANGE_LOOP_ANALYSIS = YES;
				CLANG_WARN_STRICT_PROTOTYPES = YES;
				CLANG_WARN_SUSPICIOUS_MOVE = YES;
				CLANG_WARN_UNGUARDED_AVAILABILITY = YES_AGGRESSIVE;
				CLANG_WARN_UNREACHABLE_CODE = YES;
				CLANG_WARN__DUPLICATE_METHOD_MATCH = YES;
				COPY_PHASE_STRIP = NO;
				DEBUG_INFORMATION_FORMAT = dwarf;
				ENABLE_STRICT_OBJC_MSGSEND = YES;
				ENABLE_TESTABILITY = YES;
				GCC_C_LANGUAGE_STANDARD = gnu11;
				GCC_DYNAMIC_NO_PIC = NO;
				GCC_NO_COMMON_BLOCKS = YES;
				GCC_OPTIMIZATION_LEVEL = 0;
				GCC_PREPROCESSOR_DEFINITIONS = (
					"DEBUG=1",
					"$(inherited)",
				);
				GCC_WARN_64_TO_32_BIT_CONVERSION = YES;
				GCC_WARN_ABOUT_RETURN_TYPE = YES_ERROR;
				GCC_WARN_UNDECLARED_SELECTOR = YES;
				GCC_WARN_UNINITIALIZED_AUTOS = YES_AGGRESSIVE;
				GCC_WARN_UNUSED_FUNCTION = YES;
				GCC_WARN_UNUSED_VARIABLE = YES;
				MACOSX_DEPLOYMENT_TARGET = 13.0;
				MTL_ENABLE_DEBUG_INFO = INCLUDE_SOURCE;
				MTL_FAST_MATH = YES;
				ONLY_ACTIVE_ARCH = YES;
				SDKROOT = macosx;
				SWIFT_ACTIVE_COMPILATION_CONDITIONS = DEBUG;
				SWIFT_OPTIMIZATION_LEVEL = "-Onone";
			};
			name = Debug;
		};
		2CCC7DD5286A1A8B006E777D /* Release */ = {
			isa = XCBuildConfiguration;
			buildSettings = {
				ALWAYS_SEARCH_USER_PATHS = NO;
				CLANG_ANALYZER_NONNULL = YES;
				CLANG_ANALYZER_NUMBER_OBJECT_CONVERSION = YES_AGGRESSIVE;
				CLANG_CXX_LANGUAGE_STANDARD = "gnu++17";
				CLANG_ENABLE_MODULES = YES;
				CLANG_ENABLE_OBJC_ARC = YES;
				CLANG_ENABLE_OBJC_WEAK = YES;
				CLANG_WARN_BLOCK_CAPTURE_AUTORELEASING = YES;
				CLANG_WARN_BOOL_CONVERSION = YES;
				CLANG_WARN_COMMA = YES;
				CLANG_WARN_CONSTANT_CONVERSION = YES;
				CLANG_WARN_DEPRECATED_OBJC_IMPLEMENTATIONS = YES;
				CLANG_WARN_DIRECT_OBJC_ISA_USAGE = YES_ERROR;
				CLANG_WARN_DOCUMENTATION_COMMENTS = YES;
				CLANG_WARN_EMPTY_BODY = YES;
				CLANG_WARN_ENUM_CONVERSION = YES;
				CLANG_WARN_INFINITE_RECURSION = YES;
				CLANG_WARN_INT_CONVERSION = YES;
				CLANG_WARN_NON_LITERAL_NULL_CONVERSION = YES;
				CLANG_WARN_OBJC_IMPLICIT_RETAIN_SELF = YES;
				CLANG_WARN_OBJC_LITERAL_CONVERSION = YES;
				CLANG_WARN_OBJC_ROOT_CLASS = YES_ERROR;
				CLANG_WARN_QUOTED_INCLUDE_IN_FRAMEWORK_HEADER = YES;
				CLANG_WARN_RANGE_LOOP_ANALYSIS = YES;
				CLANG_WARN_STRICT_PROTOTYPES = YES;
				CLANG_WARN_SUSPICIOUS_MOVE = YES;
				CLANG_WARN_UNGUARDED_AVAILABILITY = YES_AGGRESSIVE;
				CLANG_WARN_UNREACHABLE_CODE = YES;
				CLANG_WARN__DUPLICATE_METHOD_MATCH = YES;
				COPY_PHASE_STRIP = NO;
				DEBUG_INFORMATION_FORMAT = "dwarf-with-dsym";
				ENABLE_NS_ASSERTIONS = NO;
				ENABLE_STRICT_OBJC_MSGSEND = YES;
				GCC_C_LANGUAGE_STANDARD = gnu11;
				GCC_NO_COMMON_BLOCKS = YES;
				GCC_WARN_64_TO_32_BIT_CONVERSION = YES;
				GCC_WARN_ABOUT_RETURN_TYPE = YES_ERROR;
				GCC_WARN_UNDECLARED_SELECTOR = YES;
				GCC_WARN_UNINITIALIZED_AUTOS = YES_AGGRESSIVE;
				GCC_WARN_UNUSED_FUNCTION = YES;
				GCC_WARN_UNUSED_VARIABLE = YES;
				MACOSX_DEPLOYMENT_TARGET = 13.0;
				MTL_ENABLE_DEBUG_INFO = NO;
				MTL_FAST_MATH = YES;
				SDKROOT = macosx;
				SWIFT_COMPILATION_MODE = wholemodule;
				SWIFT_OPTIMIZATION_LEVEL = "-O";
			};
			name = Release;
		};
		2CCC7DD7286A1A8B006E777D /* Debug */ = {
			isa = XCBuildConfiguration;
			buildSettings = {
				ASSETCATALOG_COMPILER_APPICON_NAME = AppIcon;
				ASSETCATALOG_COMPILER_GLOBAL_ACCENT_COLOR_NAME = AccentColor;
				CODE_SIGN_ENTITLEMENTS = MenuToDo/MenuToDo.entitlements;
				CODE_SIGN_STYLE = Automatic;
				COMBINE_HIDPI_IMAGES = YES;
				CURRENT_PROJECT_VERSION = 1;
				DEVELOPMENT_ASSET_PATHS = "\"MenuToDo/Preview Content\"";
				DEVELOPMENT_TEAM = DXUKH9VF73;
				ENABLE_HARDENED_RUNTIME = YES;
				ENABLE_PREVIEWS = YES;
				GENERATE_INFOPLIST_FILE = YES;
				INFOPLIST_FILE = MenuToDo/Info.plist;
				INFOPLIST_KEY_NSHumanReadableCopyright = "";
				LD_RUNPATH_SEARCH_PATHS = (
					"$(inherited)",
					"@executable_path/../Frameworks",
				);
				MARKETING_VERSION = 1.0;
				PRODUCT_BUNDLE_IDENTIFIER = io.kamaal.MenuToDo;
				PRODUCT_NAME = "$(TARGET_NAME)";
				SWIFT_EMIT_LOC_STRINGS = YES;
				SWIFT_VERSION = 5.0;
			};
			name = Debug;
		};
		2CCC7DD8286A1A8B006E777D /* Release */ = {
			isa = XCBuildConfiguration;
			buildSettings = {
				ASSETCATALOG_COMPILER_APPICON_NAME = AppIcon;
				ASSETCATALOG_COMPILER_GLOBAL_ACCENT_COLOR_NAME = AccentColor;
				CODE_SIGN_ENTITLEMENTS = MenuToDo/MenuToDo.entitlements;
				CODE_SIGN_STYLE = Automatic;
				COMBINE_HIDPI_IMAGES = YES;
				CURRENT_PROJECT_VERSION = 1;
				DEVELOPMENT_ASSET_PATHS = "\"MenuToDo/Preview Content\"";
				DEVELOPMENT_TEAM = DXUKH9VF73;
				ENABLE_HARDENED_RUNTIME = YES;
				ENABLE_PREVIEWS = YES;
				GENERATE_INFOPLIST_FILE = YES;
				INFOPLIST_FILE = MenuToDo/Info.plist;
				INFOPLIST_KEY_NSHumanReadableCopyright = "";
				LD_RUNPATH_SEARCH_PATHS = (
					"$(inherited)",
					"@executable_path/../Frameworks",
				);
				MARKETING_VERSION = 1.0;
				PRODUCT_BUNDLE_IDENTIFIER = io.kamaal.MenuToDo;
				PRODUCT_NAME = "$(TARGET_NAME)";
				SWIFT_EMIT_LOC_STRINGS = YES;
				SWIFT_VERSION = 5.0;
			};
			name = Release;
		};
/* End XCBuildConfiguration section */

/* Begin XCConfigurationList section */
		2CCC7DBD286A1A88006E777D /* Build configuration list for PBXProject "MenuToDo" */ = {
			isa = XCConfigurationList;
			buildConfigurations = (
				2CCC7DD4286A1A8B006E777D /* Debug */,
				2CCC7DD5286A1A8B006E777D /* Release */,
			);
			defaultConfigurationIsVisible = 0;
			defaultConfigurationName = Release;
		};
		2CCC7DD6286A1A8B006E777D /* Build configuration list for PBXNativeTarget "MenuToDo" */ = {
			isa = XCConfigurationList;
			buildConfigurations = (
				2CCC7DD7286A1A8B006E777D /* Debug */,
				2CCC7DD8286A1A8B006E777D /* Release */,
			);
			defaultConfigurationIsVisible = 0;
			defaultConfigurationName = Release;
		};
/* End XCConfigurationList section */

/* Begin XCRemoteSwiftPackageReference section */
		2C6A0872286A3DE900D7CFAB /* XCRemoteSwiftPackageReference "SalmonUI" */ = {
			isa = XCRemoteSwiftPackageReference;
			repositoryURL = "https://github.com/kamaal111/SalmonUI.git";
			requirement = {
				kind = upToNextMajorVersion;
				minimumVersion = 4.0.0;
			};
		};
/* End XCRemoteSwiftPackageReference section */

/* Begin XCSwiftPackageProductDependency section */
		2C6A0873286A3DE900D7CFAB /* SalmonUI */ = {
			isa = XCSwiftPackageProductDependency;
			package = 2C6A0872286A3DE900D7CFAB /* XCRemoteSwiftPackageReference "SalmonUI" */;
			productName = SalmonUI;
		};
/* End XCSwiftPackageProductDependency section */

/* Begin XCVersionGroup section */
		2CCC7DD0286A1A8B006E777D /* MenuToDo.xcdatamodeld */ = {
			isa = XCVersionGroup;
			children = (
				2CCC7DD1286A1A8B006E777D /* MenuToDo.xcdatamodel */,
			);
			currentVersion = 2CCC7DD1286A1A8B006E777D /* MenuToDo.xcdatamodel */;
			path = MenuToDo.xcdatamodeld;
			sourceTree = "<group>";
			versionGroupType = wrapper.xcdatamodel;
		};
/* End XCVersionGroup section */
	};
	rootObject = 2CCC7DBA286A1A88006E777D /* Project object */;
}
